
Microsoft Visual Studio Solution File, Format Version 12.00
# Visual Studio Version 17
VisualStudioVersion = 17.11.35208.52
MinimumVisualStudioVersion = 10.0.40219.1
Project("{FAE04EC0-301F-11D3-BF4B-00C04F79EFBC}") = "Робота з колекціями", "Робота з колекціями.csproj", "{C53389BE-B597-455E-840E-778B8D6315B4}"
EndProject
Global
	GlobalSection(SolutionConfigurationPlatforms) = preSolution
		Debug|Any CPU = Debug|Any CPU
		Release|Any CPU = Release|Any CPU
	EndGlobalSection
	GlobalSection(ProjectConfigurationPlatforms) = postSolution
		{C53389BE-B597-455E-840E-778B8D6315B4}.Debug|Any CPU.ActiveCfg = Debug|Any CPU
		{C53389BE-B597-455E-840E-778B8D6315B4}.Debug|Any CPU.Build.0 = Debug|Any CPU
		{C53389BE-B597-455E-840E-778B8D6315B4}.Release|Any CPU.ActiveCfg = Release|Any CPU
		{C53389BE-B597-455E-840E-778B8D6315B4}.Release|Any CPU.Build.0 = Release|Any CPU
	EndGlobalSection
	GlobalSection(SolutionProperties) = preSolution
		HideSolutionNode = FALSE
	EndGlobalSection
	GlobalSection(ExtensibilityGlobals) = postSolution
		SolutionGuid = {DEF21D7D-9890-43F5-824D-4C1CDA226136}
	EndGlobalSection
EndGlobal
